
Microsoft Visual Studio Solution File, Format Version 12.00
# Visual Studio Version 16
VisualStudioVersion = 16.0.29920.165
MinimumVisualStudioVersion = 10.0.40219.1
Project("{8BC9CEB8-8B4A-11D0-8D11-00A0C91BC942}") = "leetcode_no143_重排链表_w1", "leetcode_no143_重排链表_w1.vcxproj", "{83EF7EB9-C898-4F11-A01D-EF6FDAE1A014}"
EndProject
Global
	GlobalSection(SolutionConfigurationPlatforms) = preSolution
		Debug|x64 = Debug|x64
		Debug|x86 = Debug|x86
		Release|x64 = Release|x64
		Release|x86 = Release|x86
	EndGlobalSection
	GlobalSection(ProjectConfigurationPlatforms) = postSolution
		{83EF7EB9-C898-4F11-A01D-EF6FDAE1A014}.Debug|x64.ActiveCfg = Debug|x64
		{83EF7EB9-C898-4F11-A01D-EF6FDAE1A014}.Debug|x64.Build.0 = Debug|x64
		{83EF7EB9-C898-4F11-A01D-EF6FDAE1A014}.Debug|x86.ActiveCfg = Debug|Win32
		{83EF7EB9-C898-4F11-A01D-EF6FDAE1A014}.Debug|x86.Build.0 = Debug|Win32
		{83EF7EB9-C898-4F11-A01D-EF6FDAE1A014}.Release|x64.ActiveCfg = Release|x64
		{83EF7EB9-C898-4F11-A01D-EF6FDAE1A014}.Release|x64.Build.0 = Release|x64
		{83EF7EB9-C898-4F11-A01D-EF6FDAE1A014}.Release|x86.ActiveCfg = Release|Win32
		{83EF7EB9-C898-4F11-A01D-EF6FDAE1A014}.Release|x86.Build.0 = Release|Win32
	EndGlobalSection
	GlobalSection(SolutionProperties) = preSolution
		HideSolutionNode = FALSE
	EndGlobalSection
	GlobalSection(ExtensibilityGlobals) = postSolution
		SolutionGuid = {3A0292A5-0EE6-4DB8-BA73-E41560827A7F}
	EndGlobalSection
EndGlobal
